
Microsoft Visual Studio Solution File, Format Version 12.00
# Visual Studio 15
VisualStudioVersion = 15.0.28307.136
MinimumVisualStudioVersion = 10.0.40219.1
Project("{F184B08F-C81C-45F6-A57F-5ABD9991F28F}") = "Hospital Ultimate", "Hospital Ultimate\Hospital Ultimate.vbproj", "{AA6119BC-3F73-45BF-8190-3BE4C59856B9}"
EndProject
Global
	GlobalSection(SolutionConfigurationPlatforms) = preSolution
		Debug|Any CPU = Debug|Any CPU
		Release|Any CPU = Release|Any CPU
	EndGlobalSection
	GlobalSection(ProjectConfigurationPlatforms) = postSolution
		{AA6119BC-3F73-45BF-8190-3BE4C59856B9}.Debug|Any CPU.ActiveCfg = Debug|Any CPU
		{AA6119BC-3F73-45BF-8190-3BE4C59856B9}.Debug|Any CPU.Build.0 = Debug|Any CPU
		{AA6119BC-3F73-45BF-8190-3BE4C59856B9}.Release|Any CPU.ActiveCfg = Release|Any CPU
		{AA6119BC-3F73-45BF-8190-3BE4C59856B9}.Release|Any CPU.Build.0 = Release|Any CPU
	EndGlobalSection
	GlobalSection(SolutionProperties) = preSolution
		HideSolutionNode = FALSE
	EndGlobalSection
	GlobalSection(ExtensibilityGlobals) = postSolution
		SolutionGuid = {75252729-52E6-4E37-AA7C-5ECC21C311FB}
	EndGlobalSection
EndGlobal
